
Microsoft Visual Studio Solution File, Format Version 12.00
# Visual Studio Version 17
VisualStudioVersion = 17.14.36414.22 d17.14
MinimumVisualStudioVersion = 10.0.40219.1
Project("{FAE04EC0-301F-11D3-BF4B-00C04F79EFBC}") = "WorkflowEngine", "WorkflowEngine.csproj", "{9DE8DAD6-2D40-40B5-A1FC-51D6CDA0E3A8}"
EndProject
Global
	GlobalSection(SolutionConfigurationPlatforms) = preSolution
		Debug|Any CPU = Debug|Any CPU
		Release|Any CPU = Release|Any CPU
	EndGlobalSection
	GlobalSection(ProjectConfigurationPlatforms) = postSolution
		{9DE8DAD6-2D40-40B5-A1FC-51D6CDA0E3A8}.Debug|Any CPU.ActiveCfg = Debug|Any CPU
		{9DE8DAD6-2D40-40B5-A1FC-51D6CDA0E3A8}.Debug|Any CPU.Build.0 = Debug|Any CPU
		{9DE8DAD6-2D40-40B5-A1FC-51D6CDA0E3A8}.Release|Any CPU.ActiveCfg = Release|Any CPU
		{9DE8DAD6-2D40-40B5-A1FC-51D6CDA0E3A8}.Release|Any CPU.Build.0 = Release|Any CPU
	EndGlobalSection
	GlobalSection(SolutionProperties) = preSolution
		HideSolutionNode = FALSE
	EndGlobalSection
	GlobalSection(ExtensibilityGlobals) = postSolution
		SolutionGuid = {B5E55B77-6D0C-45D6-8E69-72DBC2758ACE}
	EndGlobalSection
EndGlobal
