
Microsoft Visual Studio Solution File, Format Version 12.00
# Visual Studio Version 17
VisualStudioVersion = 17.14.36301.6 d17.14
MinimumVisualStudioVersion = 10.0.40219.1
Project("{FAE04EC0-301F-11D3-BF4B-00C04F79EFBC}") = "Maximium_between_two_numbers", "Maximium_between_two_numbers.csproj", "{D3A674FE-D77B-463D-960E-0510BAA3046C}"
EndProject
Global
	GlobalSection(SolutionConfigurationPlatforms) = preSolution
		Debug|Any CPU = Debug|Any CPU
		Release|Any CPU = Release|Any CPU
	EndGlobalSection
	GlobalSection(ProjectConfigurationPlatforms) = postSolution
		{D3A674FE-D77B-463D-960E-0510BAA3046C}.Debug|Any CPU.ActiveCfg = Debug|Any CPU
		{D3A674FE-D77B-463D-960E-0510BAA3046C}.Debug|Any CPU.Build.0 = Debug|Any CPU
		{D3A674FE-D77B-463D-960E-0510BAA3046C}.Release|Any CPU.ActiveCfg = Release|Any CPU
		{D3A674FE-D77B-463D-960E-0510BAA3046C}.Release|Any CPU.Build.0 = Release|Any CPU
	EndGlobalSection
	GlobalSection(SolutionProperties) = preSolution
		HideSolutionNode = FALSE
	EndGlobalSection
	GlobalSection(ExtensibilityGlobals) = postSolution
		SolutionGuid = {846446CF-B8AD-4F44-B089-1C36A5415E5F}
	EndGlobalSection
EndGlobal
