
Microsoft Visual Studio Solution File, Format Version 12.00
# Visual Studio Version 17
VisualStudioVersion = 17.14.36301.6 d17.14
MinimumVisualStudioVersion = 10.0.40219.1
Project("{FAE04EC0-301F-11D3-BF4B-00C04F79EFBC}") = "Find_the_longest_word", "Find_the_longest_word.csproj", "{FE43CA5C-8899-4709-8AD2-D7A273656FAD}"
EndProject
Global
	GlobalSection(SolutionConfigurationPlatforms) = preSolution
		Debug|Any CPU = Debug|Any CPU
		Release|Any CPU = Release|Any CPU
	EndGlobalSection
	GlobalSection(ProjectConfigurationPlatforms) = postSolution
		{FE43CA5C-8899-4709-8AD2-D7A273656FAD}.Debug|Any CPU.ActiveCfg = Debug|Any CPU
		{FE43CA5C-8899-4709-8AD2-D7A273656FAD}.Debug|Any CPU.Build.0 = Debug|Any CPU
		{FE43CA5C-8899-4709-8AD2-D7A273656FAD}.Release|Any CPU.ActiveCfg = Release|Any CPU
		{FE43CA5C-8899-4709-8AD2-D7A273656FAD}.Release|Any CPU.Build.0 = Release|Any CPU
	EndGlobalSection
	GlobalSection(SolutionProperties) = preSolution
		HideSolutionNode = FALSE
	EndGlobalSection
	GlobalSection(ExtensibilityGlobals) = postSolution
		SolutionGuid = {6A81B74A-A80E-48F4-BDD4-FB4B691589CB}
	EndGlobalSection
EndGlobal
