
Microsoft Visual Studio Solution File, Format Version 12.00
# Visual Studio Version 17
VisualStudioVersion = 17.14.36301.6 d17.14
MinimumVisualStudioVersion = 10.0.40219.1
Project("{FAE04EC0-301F-11D3-BF4B-00C04F79EFBC}") = "Count_the_words", "Count_the_words.csproj", "{D139A109-672D-4367-9B83-68EB11F7D3CB}"
EndProject
Global
	GlobalSection(SolutionConfigurationPlatforms) = preSolution
		Debug|Any CPU = Debug|Any CPU
		Release|Any CPU = Release|Any CPU
	EndGlobalSection
	GlobalSection(ProjectConfigurationPlatforms) = postSolution
		{D139A109-672D-4367-9B83-68EB11F7D3CB}.Debug|Any CPU.ActiveCfg = Debug|Any CPU
		{D139A109-672D-4367-9B83-68EB11F7D3CB}.Debug|Any CPU.Build.0 = Debug|Any CPU
		{D139A109-672D-4367-9B83-68EB11F7D3CB}.Release|Any CPU.ActiveCfg = Release|Any CPU
		{D139A109-672D-4367-9B83-68EB11F7D3CB}.Release|Any CPU.Build.0 = Release|Any CPU
	EndGlobalSection
	GlobalSection(SolutionProperties) = preSolution
		HideSolutionNode = FALSE
	EndGlobalSection
	GlobalSection(ExtensibilityGlobals) = postSolution
		SolutionGuid = {11F019EE-C8A8-4FAE-B292-D9FF06B7E0E5}
	EndGlobalSection
EndGlobal
