
Microsoft Visual Studio Solution File, Format Version 12.00
# Visual Studio Version 17
VisualStudioVersion = 17.14.36301.6 d17.14
MinimumVisualStudioVersion = 10.0.40219.1
Project("{FAE04EC0-301F-11D3-BF4B-00C04F79EFBC}") = "Calculate_sum", "Calculate_sum.csproj", "{16B98039-3942-46E6-8FEE-031536DB228A}"
EndProject
Global
	GlobalSection(SolutionConfigurationPlatforms) = preSolution
		Debug|Any CPU = Debug|Any CPU
		Release|Any CPU = Release|Any CPU
	EndGlobalSection
	GlobalSection(ProjectConfigurationPlatforms) = postSolution
		{16B98039-3942-46E6-8FEE-031536DB228A}.Debug|Any CPU.ActiveCfg = Debug|Any CPU
		{16B98039-3942-46E6-8FEE-031536DB228A}.Debug|Any CPU.Build.0 = Debug|Any CPU
		{16B98039-3942-46E6-8FEE-031536DB228A}.Release|Any CPU.ActiveCfg = Release|Any CPU
		{16B98039-3942-46E6-8FEE-031536DB228A}.Release|Any CPU.Build.0 = Release|Any CPU
	EndGlobalSection
	GlobalSection(SolutionProperties) = preSolution
		HideSolutionNode = FALSE
	EndGlobalSection
	GlobalSection(ExtensibilityGlobals) = postSolution
		SolutionGuid = {C27CBD4B-35FA-433D-A6A9-319D5A6C7388}
	EndGlobalSection
EndGlobal
