
Microsoft Visual Studio Solution File, Format Version 12.00
# Visual Studio Version 17
VisualStudioVersion = 17.14.36301.6 d17.14
MinimumVisualStudioVersion = 10.0.40219.1
Project("{FAE04EC0-301F-11D3-BF4B-00C04F79EFBC}") = "Find_the_unique_numbers", "Find_the_unique_numbers.csproj", "{9C778D61-35A1-4E95-AEBC-F4FEFA75264D}"
EndProject
Global
	GlobalSection(SolutionConfigurationPlatforms) = preSolution
		Debug|Any CPU = Debug|Any CPU
		Release|Any CPU = Release|Any CPU
	EndGlobalSection
	GlobalSection(ProjectConfigurationPlatforms) = postSolution
		{9C778D61-35A1-4E95-AEBC-F4FEFA75264D}.Debug|Any CPU.ActiveCfg = Debug|Any CPU
		{9C778D61-35A1-4E95-AEBC-F4FEFA75264D}.Debug|Any CPU.Build.0 = Debug|Any CPU
		{9C778D61-35A1-4E95-AEBC-F4FEFA75264D}.Release|Any CPU.ActiveCfg = Release|Any CPU
		{9C778D61-35A1-4E95-AEBC-F4FEFA75264D}.Release|Any CPU.Build.0 = Release|Any CPU
	EndGlobalSection
	GlobalSection(SolutionProperties) = preSolution
		HideSolutionNode = FALSE
	EndGlobalSection
	GlobalSection(ExtensibilityGlobals) = postSolution
		SolutionGuid = {5F0D2A37-BCF0-4A6D-AD72-50D5CAC5F531}
	EndGlobalSection
EndGlobal
