
Microsoft Visual Studio Solution File, Format Version 12.00
# Visual Studio Version 17
VisualStudioVersion = 17.14.36301.6 d17.14
MinimumVisualStudioVersion = 10.0.40219.1
Project("{FAE04EC0-301F-11D3-BF4B-00C04F79EFBC}") = "Reverse_input", "Reverse_input.csproj", "{A3F7328C-1E9A-48D4-9A29-722C6AC2A762}"
EndProject
Global
	GlobalSection(SolutionConfigurationPlatforms) = preSolution
		Debug|Any CPU = Debug|Any CPU
		Release|Any CPU = Release|Any CPU
	EndGlobalSection
	GlobalSection(ProjectConfigurationPlatforms) = postSolution
		{A3F7328C-1E9A-48D4-9A29-722C6AC2A762}.Debug|Any CPU.ActiveCfg = Debug|Any CPU
		{A3F7328C-1E9A-48D4-9A29-722C6AC2A762}.Debug|Any CPU.Build.0 = Debug|Any CPU
		{A3F7328C-1E9A-48D4-9A29-722C6AC2A762}.Release|Any CPU.ActiveCfg = Release|Any CPU
		{A3F7328C-1E9A-48D4-9A29-722C6AC2A762}.Release|Any CPU.Build.0 = Release|Any CPU
	EndGlobalSection
	GlobalSection(SolutionProperties) = preSolution
		HideSolutionNode = FALSE
	EndGlobalSection
	GlobalSection(ExtensibilityGlobals) = postSolution
		SolutionGuid = {1948A926-287E-4678-8417-8C9E7C8CA33D}
	EndGlobalSection
EndGlobal
