
Microsoft Visual Studio Solution File, Format Version 12.00
# Visual Studio Version 17
VisualStudioVersion = 17.14.36414.22 d17.14
MinimumVisualStudioVersion = 10.0.40219.1
Project("{FAE04EC0-301F-11D3-BF4B-00C04F79EFBC}") = "Stack_Design", "Stack_Design.csproj", "{C88E9F42-55B9-4CA2-927F-03AB574DAFFA}"
EndProject
Global
	GlobalSection(SolutionConfigurationPlatforms) = preSolution
		Debug|Any CPU = Debug|Any CPU
		Release|Any CPU = Release|Any CPU
	EndGlobalSection
	GlobalSection(ProjectConfigurationPlatforms) = postSolution
		{C88E9F42-55B9-4CA2-927F-03AB574DAFFA}.Debug|Any CPU.ActiveCfg = Debug|Any CPU
		{C88E9F42-55B9-4CA2-927F-03AB574DAFFA}.Debug|Any CPU.Build.0 = Debug|Any CPU
		{C88E9F42-55B9-4CA2-927F-03AB574DAFFA}.Release|Any CPU.ActiveCfg = Release|Any CPU
		{C88E9F42-55B9-4CA2-927F-03AB574DAFFA}.Release|Any CPU.Build.0 = Release|Any CPU
	EndGlobalSection
	GlobalSection(SolutionProperties) = preSolution
		HideSolutionNode = FALSE
	EndGlobalSection
	GlobalSection(ExtensibilityGlobals) = postSolution
		SolutionGuid = {998A6E67-AFB8-4433-9013-8DE9F87D551D}
	EndGlobalSection
EndGlobal
